
Microsoft Visual Studio Solution File, Format Version 12.00
# Visual Studio Version 16
VisualStudioVersion = 16.0.30204.135
MinimumVisualStudioVersion = 10.0.40219.1
Project("{FAE04EC0-301F-11D3-BF4B-00C04F79EFBC}") = "CalculatorLib", "CalculatorLib\CalculatorLib.csproj", "{506D0933-E1D7-4A63-900E-917DC1593594}"
EndProject
Project("{FAE04EC0-301F-11D3-BF4B-00C04F79EFBC}") = "CalculatorTests", "CalculatorTests\CalculatorTests.csproj", "{09F6E002-3D59-4597-826C-097209611F09}"
EndProject
Global
	GlobalSection(SolutionConfigurationPlatforms) = preSolution
		Debug|Any CPU = Debug|Any CPU
		Release|Any CPU = Release|Any CPU
	EndGlobalSection
	GlobalSection(ProjectConfigurationPlatforms) = postSolution
		{506D0933-E1D7-4A63-900E-917DC1593594}.Debug|Any CPU.ActiveCfg = Debug|Any CPU
		{506D0933-E1D7-4A63-900E-917DC1593594}.Debug|Any CPU.Build.0 = Debug|Any CPU
		{506D0933-E1D7-4A63-900E-917DC1593594}.Release|Any CPU.ActiveCfg = Release|Any CPU
		{506D0933-E1D7-4A63-900E-917DC1593594}.Release|Any CPU.Build.0 = Release|Any CPU
		{09F6E002-3D59-4597-826C-097209611F09}.Debug|Any CPU.ActiveCfg = Debug|Any CPU
		{09F6E002-3D59-4597-826C-097209611F09}.Debug|Any CPU.Build.0 = Debug|Any CPU
		{09F6E002-3D59-4597-826C-097209611F09}.Release|Any CPU.ActiveCfg = Release|Any CPU
		{09F6E002-3D59-4597-826C-097209611F09}.Release|Any CPU.Build.0 = Release|Any CPU
	EndGlobalSection
	GlobalSection(SolutionProperties) = preSolution
		HideSolutionNode = FALSE
	EndGlobalSection
	GlobalSection(ExtensibilityGlobals) = postSolution
		SolutionGuid = {96856946-01B1-4754-BC7F-685BCAE447E0}
	EndGlobalSection
EndGlobal
