
Microsoft Visual Studio Solution File, Format Version 12.00
# Visual Studio Version 16
VisualStudioVersion = 16.0.29926.136
MinimumVisualStudioVersion = 10.0.40219.1
Project("{9A19103F-16F7-4668-BE54-9A1E7A4F7556}") = "SafariParkTests", "SafariParkTests\SafariParkTests.csproj", "{DFC5E3C0-D365-4C42-9379-A0987E735FA0}"
EndProject
Project("{9A19103F-16F7-4668-BE54-9A1E7A4F7556}") = "SafariPark", "SafariPark\SafariPark.csproj", "{9A57EE97-7B48-466F-880F-5E0943EA00A2}"
EndProject
Global
	GlobalSection(SolutionConfigurationPlatforms) = preSolution
		Debug|Any CPU = Debug|Any CPU
		Release|Any CPU = Release|Any CPU
	EndGlobalSection
	GlobalSection(ProjectConfigurationPlatforms) = postSolution
		{DFC5E3C0-D365-4C42-9379-A0987E735FA0}.Debug|Any CPU.ActiveCfg = Debug|Any CPU
		{DFC5E3C0-D365-4C42-9379-A0987E735FA0}.Debug|Any CPU.Build.0 = Debug|Any CPU
		{DFC5E3C0-D365-4C42-9379-A0987E735FA0}.Release|Any CPU.ActiveCfg = Release|Any CPU
		{DFC5E3C0-D365-4C42-9379-A0987E735FA0}.Release|Any CPU.Build.0 = Release|Any CPU
		{9A57EE97-7B48-466F-880F-5E0943EA00A2}.Debug|Any CPU.ActiveCfg = Debug|Any CPU
		{9A57EE97-7B48-466F-880F-5E0943EA00A2}.Debug|Any CPU.Build.0 = Debug|Any CPU
		{9A57EE97-7B48-466F-880F-5E0943EA00A2}.Release|Any CPU.ActiveCfg = Release|Any CPU
		{9A57EE97-7B48-466F-880F-5E0943EA00A2}.Release|Any CPU.Build.0 = Release|Any CPU
	EndGlobalSection
	GlobalSection(SolutionProperties) = preSolution
		HideSolutionNode = FALSE
	EndGlobalSection
	GlobalSection(ExtensibilityGlobals) = postSolution
		SolutionGuid = {FAAE2339-65B9-4C55-A3AC-5BAF3636C2BA}
	EndGlobalSection
EndGlobal
