
Microsoft Visual Studio Solution File, Format Version 12.00
# Visual Studio Version 16
VisualStudioVersion = 16.0.30309.148
MinimumVisualStudioVersion = 10.0.40219.1
Project("{FAE04EC0-301F-11D3-BF4B-00C04F79EFBC}") = "EFNorthwind", "EFNorthwind\EFNorthwind.csproj", "{C04E3B2B-6BA5-4D3F-88A6-2D7D8ECE8E6D}"
EndProject
Global
	GlobalSection(SolutionConfigurationPlatforms) = preSolution
		Debug|Any CPU = Debug|Any CPU
		Release|Any CPU = Release|Any CPU
	EndGlobalSection
	GlobalSection(ProjectConfigurationPlatforms) = postSolution
		{C04E3B2B-6BA5-4D3F-88A6-2D7D8ECE8E6D}.Debug|Any CPU.ActiveCfg = Debug|Any CPU
		{C04E3B2B-6BA5-4D3F-88A6-2D7D8ECE8E6D}.Debug|Any CPU.Build.0 = Debug|Any CPU
		{C04E3B2B-6BA5-4D3F-88A6-2D7D8ECE8E6D}.Release|Any CPU.ActiveCfg = Release|Any CPU
		{C04E3B2B-6BA5-4D3F-88A6-2D7D8ECE8E6D}.Release|Any CPU.Build.0 = Release|Any CPU
	EndGlobalSection
	GlobalSection(SolutionProperties) = preSolution
		HideSolutionNode = FALSE
	EndGlobalSection
	GlobalSection(ExtensibilityGlobals) = postSolution
		SolutionGuid = {437B3DB4-6168-433B-A48C-8418B078CF36}
	EndGlobalSection
EndGlobal
