
Microsoft Visual Studio Solution File, Format Version 12.00
# Visual Studio Version 16
VisualStudioVersion = 16.0.30204.135
MinimumVisualStudioVersion = 10.0.40219.1
Project("{9A19103F-16F7-4668-BE54-9A1E7A4F7556}") = "lab_32_tasks", "lab_32_tasks\lab_32_tasks.csproj", "{C7965662-1F64-4B97-AA1F-E3A5EF3D5A0C}"
EndProject
Project("{9A19103F-16F7-4668-BE54-9A1E7A4F7556}") = "lab_33_task_array", "lab_33_task_array\lab_33_task_array.csproj", "{E1D08991-F927-4AC1-8AAF-F6AEC540089E}"
EndProject
Project("{9A19103F-16F7-4668-BE54-9A1E7A4F7556}") = "lab_34_parallel_processing", "lab_34_parallel_processing\lab_34_parallel_processing.csproj", "{41C9DF98-F693-4BDB-8133-A6317B82941E}"
EndProject
Project("{9A19103F-16F7-4668-BE54-9A1E7A4F7556}") = "lab_35_async_await", "lab_35_async_await\lab_35_async_await.csproj", "{44A9BB39-94FC-42F5-9205-00E2A56E44EB}"
EndProject
Project("{9A19103F-16F7-4668-BE54-9A1E7A4F7556}") = "lab_35_homework", "lab_35_homework\lab_35_homework.csproj", "{50393404-4B55-41AD-B2CC-7762425575E0}"
EndProject
Project("{9A19103F-16F7-4668-BE54-9A1E7A4F7556}") = "DeleteMe", "DeleteMe\DeleteMe.csproj", "{D482E833-BB84-4965-9BF8-1091A8025E52}"
EndProject
Project("{9A19103F-16F7-4668-BE54-9A1E7A4F7556}") = "lab_36_http", "lab_36_http\lab_36_http.csproj", "{D03CB6A3-1B31-4CA5-A551-5403C3F64588}"
EndProject
Project("{9A19103F-16F7-4668-BE54-9A1E7A4F7556}") = "lab_37_http_deserialize", "lab_37_http_deserialize\lab_37_http_deserialize.csproj", "{0FE756BC-3108-4874-BA33-F5674DCF123C}"
EndProject
Project("{9A19103F-16F7-4668-BE54-9A1E7A4F7556}") = "lab_37_homework", "lab_37_homework\lab_37_homework.csproj", "{E0B34B7B-2383-41A3-A444-DC0EE5DF023A}"
EndProject
Project("{9A19103F-16F7-4668-BE54-9A1E7A4F7556}") = "lab_32_library_api", "lab_35_library_api\lab_32_library_api.csproj", "{258A7E5B-E49D-4C20-A543-83E97778F731}"
EndProject
Project("{9A19103F-16F7-4668-BE54-9A1E7A4F7556}") = "api_northwind_entity_core", "api_northwind_entity_core\api_northwind_entity_core.csproj", "{057940DF-0FAB-4893-86CD-564937A8C3E5}"
EndProject
Project("{9A19103F-16F7-4668-BE54-9A1E7A4F7556}") = "lab_38_northwind_api_client", "lab_38_northwind_api_client\lab_38_northwind_api_client.csproj", "{86920C6C-631A-444E-B9B8-5C1435577005}"
EndProject
Project("{9A19103F-16F7-4668-BE54-9A1E7A4F7556}") = "lab_39_api_code_first", "lab_39_api_code_first\lab_39_api_code_first.csproj", "{E0D4FC84-3E48-4805-86AF-E32EB3448545}"
EndProject
Project("{9A19103F-16F7-4668-BE54-9A1E7A4F7556}") = "lab_40_entity_code_first", "lab_40_entity_code_first\lab_40_entity_code_first.csproj", "{2874A9AF-8446-4F6B-B3DC-1B6A4AB33332}"
EndProject
Project("{9A19103F-16F7-4668-BE54-9A1E7A4F7556}") = "lab_41_xml", "lab_41_xml\lab_41_xml.csproj", "{E47159C0-2357-4A0F-A56A-CF4819AB37DE}"
EndProject
Project("{9A19103F-16F7-4668-BE54-9A1E7A4F7556}") = "lab_42_xml_deserialisation", "lab_42_xml_deserialisation\lab_42_xml_deserialisation.csproj", "{93294F63-7D78-4499-9046-4564EAD3D3A6}"
EndProject
Project("{9A19103F-16F7-4668-BE54-9A1E7A4F7556}") = "lab_42_entity_code_first_homework", "lab_42_entity_code_first_homework\lab_42_entity_code_first_homework.csproj", "{21CBD434-F192-4BB3-8BB8-334AC1B9B6E3}"
EndProject
Project("{9A19103F-16F7-4668-BE54-9A1E7A4F7556}") = "lab_42_api_code_first_homework", "lab_42_api_code_first_homework\lab_42_api_code_first_homework.csproj", "{C50BDCB7-5B68-435F-A5C3-79F25ADF82FF}"
EndProject
Project("{2150E333-8FDC-42A3-9474-1A3956D46DE8}") = "html_hello_world", "html_hello_world", "{C405D57B-46C1-4F35-B3A6-7C446A7AC19A}"
	ProjectSection(SolutionItems) = preProject
		index.html = index.html
	EndProjectSection
EndProject
Project("{9A19103F-16F7-4668-BE54-9A1E7A4F7556}") = "lab_43_mvc_core_website", "lab_43_mvc_core_website\lab_43_mvc_core_website.csproj", "{645B9C3A-CC4A-41EB-B574-FDB077B7A2F3}"
EndProject
Project("{FAE04EC0-301F-11D3-BF4B-00C04F79EFBC}") = "lab_44_asp_framework_web", "lab_44_asp_framework_web\lab_44_asp_framework_web.csproj", "{8F577416-6EC6-4420-89DA-90B29D3EC3FF}"
EndProject
Project("{9A19103F-16F7-4668-BE54-9A1E7A4F7556}") = "lab_45_aps_core_demo", "lab_45_asp_core_demo\lab_45_aps_core_demo.csproj", "{5DA94B82-3168-492A-8320-9DF39C85A515}"
EndProject
Project("{9A19103F-16F7-4668-BE54-9A1E7A4F7556}") = "lab_46_asp_demo_2", "lab_46_asp_demo_2\lab_46_asp_demo_2.csproj", "{426D8D69-23D7-4D70-967D-9A593CF6AB8E}"
EndProject
Project("{9A19103F-16F7-4668-BE54-9A1E7A4F7556}") = "lab_47_personal_api_web", "lab_47_personal_api_web\lab_47_personal_api_web.csproj", "{A70043B4-0F85-4A43-841A-B40EBAE8E91A}"
EndProject
Project("{9A19103F-16F7-4668-BE54-9A1E7A4F7556}") = "lab_48_mvc_web_demo", "lab_48_mvc_web_demo\lab_48_mvc_web_demo.csproj", "{7ADA1C4E-28B9-479A-BF26-59A27E4F57A8}"
EndProject
Project("{FAE04EC0-301F-11D3-BF4B-00C04F79EFBC}") = "lab_49_to_do_demo", "lab_49_to_do_demo\lab_49_to_do_demo.csproj", "{EEB17F7F-9666-4EC2-B34E-BD5DB5008057}"
EndProject
Global
	GlobalSection(SolutionConfigurationPlatforms) = preSolution
		Debug|Any CPU = Debug|Any CPU
		Release|Any CPU = Release|Any CPU
	EndGlobalSection
	GlobalSection(ProjectConfigurationPlatforms) = postSolution
		{C7965662-1F64-4B97-AA1F-E3A5EF3D5A0C}.Debug|Any CPU.ActiveCfg = Debug|Any CPU
		{C7965662-1F64-4B97-AA1F-E3A5EF3D5A0C}.Debug|Any CPU.Build.0 = Debug|Any CPU
		{C7965662-1F64-4B97-AA1F-E3A5EF3D5A0C}.Release|Any CPU.ActiveCfg = Release|Any CPU
		{C7965662-1F64-4B97-AA1F-E3A5EF3D5A0C}.Release|Any CPU.Build.0 = Release|Any CPU
		{E1D08991-F927-4AC1-8AAF-F6AEC540089E}.Debug|Any CPU.ActiveCfg = Debug|Any CPU
		{E1D08991-F927-4AC1-8AAF-F6AEC540089E}.Debug|Any CPU.Build.0 = Debug|Any CPU
		{E1D08991-F927-4AC1-8AAF-F6AEC540089E}.Release|Any CPU.ActiveCfg = Release|Any CPU
		{E1D08991-F927-4AC1-8AAF-F6AEC540089E}.Release|Any CPU.Build.0 = Release|Any CPU
		{41C9DF98-F693-4BDB-8133-A6317B82941E}.Debug|Any CPU.ActiveCfg = Debug|Any CPU
		{41C9DF98-F693-4BDB-8133-A6317B82941E}.Debug|Any CPU.Build.0 = Debug|Any CPU
		{41C9DF98-F693-4BDB-8133-A6317B82941E}.Release|Any CPU.ActiveCfg = Release|Any CPU
		{41C9DF98-F693-4BDB-8133-A6317B82941E}.Release|Any CPU.Build.0 = Release|Any CPU
		{44A9BB39-94FC-42F5-9205-00E2A56E44EB}.Debug|Any CPU.ActiveCfg = Debug|Any CPU
		{44A9BB39-94FC-42F5-9205-00E2A56E44EB}.Debug|Any CPU.Build.0 = Debug|Any CPU
		{44A9BB39-94FC-42F5-9205-00E2A56E44EB}.Release|Any CPU.ActiveCfg = Release|Any CPU
		{44A9BB39-94FC-42F5-9205-00E2A56E44EB}.Release|Any CPU.Build.0 = Release|Any CPU
		{50393404-4B55-41AD-B2CC-7762425575E0}.Debug|Any CPU.ActiveCfg = Debug|Any CPU
		{50393404-4B55-41AD-B2CC-7762425575E0}.Debug|Any CPU.Build.0 = Debug|Any CPU
		{50393404-4B55-41AD-B2CC-7762425575E0}.Release|Any CPU.ActiveCfg = Release|Any CPU
		{50393404-4B55-41AD-B2CC-7762425575E0}.Release|Any CPU.Build.0 = Release|Any CPU
		{D482E833-BB84-4965-9BF8-1091A8025E52}.Debug|Any CPU.ActiveCfg = Debug|Any CPU
		{D482E833-BB84-4965-9BF8-1091A8025E52}.Debug|Any CPU.Build.0 = Debug|Any CPU
		{D482E833-BB84-4965-9BF8-1091A8025E52}.Release|Any CPU.ActiveCfg = Release|Any CPU
		{D482E833-BB84-4965-9BF8-1091A8025E52}.Release|Any CPU.Build.0 = Release|Any CPU
		{D03CB6A3-1B31-4CA5-A551-5403C3F64588}.Debug|Any CPU.ActiveCfg = Debug|Any CPU
		{D03CB6A3-1B31-4CA5-A551-5403C3F64588}.Debug|Any CPU.Build.0 = Debug|Any CPU
		{D03CB6A3-1B31-4CA5-A551-5403C3F64588}.Release|Any CPU.ActiveCfg = Release|Any CPU
		{D03CB6A3-1B31-4CA5-A551-5403C3F64588}.Release|Any CPU.Build.0 = Release|Any CPU
		{0FE756BC-3108-4874-BA33-F5674DCF123C}.Debug|Any CPU.ActiveCfg = Debug|Any CPU
		{0FE756BC-3108-4874-BA33-F5674DCF123C}.Debug|Any CPU.Build.0 = Debug|Any CPU
		{0FE756BC-3108-4874-BA33-F5674DCF123C}.Release|Any CPU.ActiveCfg = Release|Any CPU
		{0FE756BC-3108-4874-BA33-F5674DCF123C}.Release|Any CPU.Build.0 = Release|Any CPU
		{E0B34B7B-2383-41A3-A444-DC0EE5DF023A}.Debug|Any CPU.ActiveCfg = Debug|Any CPU
		{E0B34B7B-2383-41A3-A444-DC0EE5DF023A}.Debug|Any CPU.Build.0 = Debug|Any CPU
		{E0B34B7B-2383-41A3-A444-DC0EE5DF023A}.Release|Any CPU.ActiveCfg = Release|Any CPU
		{E0B34B7B-2383-41A3-A444-DC0EE5DF023A}.Release|Any CPU.Build.0 = Release|Any CPU
		{258A7E5B-E49D-4C20-A543-83E97778F731}.Debug|Any CPU.ActiveCfg = Debug|Any CPU
		{258A7E5B-E49D-4C20-A543-83E97778F731}.Debug|Any CPU.Build.0 = Debug|Any CPU
		{258A7E5B-E49D-4C20-A543-83E97778F731}.Release|Any CPU.ActiveCfg = Release|Any CPU
		{258A7E5B-E49D-4C20-A543-83E97778F731}.Release|Any CPU.Build.0 = Release|Any CPU
		{057940DF-0FAB-4893-86CD-564937A8C3E5}.Debug|Any CPU.ActiveCfg = Debug|Any CPU
		{057940DF-0FAB-4893-86CD-564937A8C3E5}.Debug|Any CPU.Build.0 = Debug|Any CPU
		{057940DF-0FAB-4893-86CD-564937A8C3E5}.Release|Any CPU.ActiveCfg = Release|Any CPU
		{057940DF-0FAB-4893-86CD-564937A8C3E5}.Release|Any CPU.Build.0 = Release|Any CPU
		{86920C6C-631A-444E-B9B8-5C1435577005}.Debug|Any CPU.ActiveCfg = Debug|Any CPU
		{86920C6C-631A-444E-B9B8-5C1435577005}.Debug|Any CPU.Build.0 = Debug|Any CPU
		{86920C6C-631A-444E-B9B8-5C1435577005}.Release|Any CPU.ActiveCfg = Release|Any CPU
		{86920C6C-631A-444E-B9B8-5C1435577005}.Release|Any CPU.Build.0 = Release|Any CPU
		{E0D4FC84-3E48-4805-86AF-E32EB3448545}.Debug|Any CPU.ActiveCfg = Debug|Any CPU
		{E0D4FC84-3E48-4805-86AF-E32EB3448545}.Debug|Any CPU.Build.0 = Debug|Any CPU
		{E0D4FC84-3E48-4805-86AF-E32EB3448545}.Release|Any CPU.ActiveCfg = Release|Any CPU
		{E0D4FC84-3E48-4805-86AF-E32EB3448545}.Release|Any CPU.Build.0 = Release|Any CPU
		{2874A9AF-8446-4F6B-B3DC-1B6A4AB33332}.Debug|Any CPU.ActiveCfg = Debug|Any CPU
		{2874A9AF-8446-4F6B-B3DC-1B6A4AB33332}.Debug|Any CPU.Build.0 = Debug|Any CPU
		{2874A9AF-8446-4F6B-B3DC-1B6A4AB33332}.Release|Any CPU.ActiveCfg = Release|Any CPU
		{2874A9AF-8446-4F6B-B3DC-1B6A4AB33332}.Release|Any CPU.Build.0 = Release|Any CPU
		{E47159C0-2357-4A0F-A56A-CF4819AB37DE}.Debug|Any CPU.ActiveCfg = Debug|Any CPU
		{E47159C0-2357-4A0F-A56A-CF4819AB37DE}.Debug|Any CPU.Build.0 = Debug|Any CPU
		{E47159C0-2357-4A0F-A56A-CF4819AB37DE}.Release|Any CPU.ActiveCfg = Release|Any CPU
		{E47159C0-2357-4A0F-A56A-CF4819AB37DE}.Release|Any CPU.Build.0 = Release|Any CPU
		{93294F63-7D78-4499-9046-4564EAD3D3A6}.Debug|Any CPU.ActiveCfg = Debug|Any CPU
		{93294F63-7D78-4499-9046-4564EAD3D3A6}.Debug|Any CPU.Build.0 = Debug|Any CPU
		{93294F63-7D78-4499-9046-4564EAD3D3A6}.Release|Any CPU.ActiveCfg = Release|Any CPU
		{93294F63-7D78-4499-9046-4564EAD3D3A6}.Release|Any CPU.Build.0 = Release|Any CPU
		{21CBD434-F192-4BB3-8BB8-334AC1B9B6E3}.Debug|Any CPU.ActiveCfg = Debug|Any CPU
		{21CBD434-F192-4BB3-8BB8-334AC1B9B6E3}.Debug|Any CPU.Build.0 = Debug|Any CPU
		{21CBD434-F192-4BB3-8BB8-334AC1B9B6E3}.Release|Any CPU.ActiveCfg = Release|Any CPU
		{21CBD434-F192-4BB3-8BB8-334AC1B9B6E3}.Release|Any CPU.Build.0 = Release|Any CPU
		{C50BDCB7-5B68-435F-A5C3-79F25ADF82FF}.Debug|Any CPU.ActiveCfg = Debug|Any CPU
		{C50BDCB7-5B68-435F-A5C3-79F25ADF82FF}.Debug|Any CPU.Build.0 = Debug|Any CPU
		{C50BDCB7-5B68-435F-A5C3-79F25ADF82FF}.Release|Any CPU.ActiveCfg = Release|Any CPU
		{C50BDCB7-5B68-435F-A5C3-79F25ADF82FF}.Release|Any CPU.Build.0 = Release|Any CPU
		{645B9C3A-CC4A-41EB-B574-FDB077B7A2F3}.Debug|Any CPU.ActiveCfg = Debug|Any CPU
		{645B9C3A-CC4A-41EB-B574-FDB077B7A2F3}.Debug|Any CPU.Build.0 = Debug|Any CPU
		{645B9C3A-CC4A-41EB-B574-FDB077B7A2F3}.Release|Any CPU.ActiveCfg = Release|Any CPU
		{645B9C3A-CC4A-41EB-B574-FDB077B7A2F3}.Release|Any CPU.Build.0 = Release|Any CPU
		{8F577416-6EC6-4420-89DA-90B29D3EC3FF}.Debug|Any CPU.ActiveCfg = Debug|Any CPU
		{8F577416-6EC6-4420-89DA-90B29D3EC3FF}.Debug|Any CPU.Build.0 = Debug|Any CPU
		{8F577416-6EC6-4420-89DA-90B29D3EC3FF}.Release|Any CPU.ActiveCfg = Release|Any CPU
		{8F577416-6EC6-4420-89DA-90B29D3EC3FF}.Release|Any CPU.Build.0 = Release|Any CPU
		{5DA94B82-3168-492A-8320-9DF39C85A515}.Debug|Any CPU.ActiveCfg = Debug|Any CPU
		{5DA94B82-3168-492A-8320-9DF39C85A515}.Debug|Any CPU.Build.0 = Debug|Any CPU
		{5DA94B82-3168-492A-8320-9DF39C85A515}.Release|Any CPU.ActiveCfg = Release|Any CPU
		{5DA94B82-3168-492A-8320-9DF39C85A515}.Release|Any CPU.Build.0 = Release|Any CPU
		{426D8D69-23D7-4D70-967D-9A593CF6AB8E}.Debug|Any CPU.ActiveCfg = Debug|Any CPU
		{426D8D69-23D7-4D70-967D-9A593CF6AB8E}.Debug|Any CPU.Build.0 = Debug|Any CPU
		{426D8D69-23D7-4D70-967D-9A593CF6AB8E}.Release|Any CPU.ActiveCfg = Release|Any CPU
		{426D8D69-23D7-4D70-967D-9A593CF6AB8E}.Release|Any CPU.Build.0 = Release|Any CPU
		{A70043B4-0F85-4A43-841A-B40EBAE8E91A}.Debug|Any CPU.ActiveCfg = Debug|Any CPU
		{A70043B4-0F85-4A43-841A-B40EBAE8E91A}.Debug|Any CPU.Build.0 = Debug|Any CPU
		{A70043B4-0F85-4A43-841A-B40EBAE8E91A}.Release|Any CPU.ActiveCfg = Release|Any CPU
		{A70043B4-0F85-4A43-841A-B40EBAE8E91A}.Release|Any CPU.Build.0 = Release|Any CPU
		{7ADA1C4E-28B9-479A-BF26-59A27E4F57A8}.Debug|Any CPU.ActiveCfg = Debug|Any CPU
		{7ADA1C4E-28B9-479A-BF26-59A27E4F57A8}.Debug|Any CPU.Build.0 = Debug|Any CPU
		{7ADA1C4E-28B9-479A-BF26-59A27E4F57A8}.Release|Any CPU.ActiveCfg = Release|Any CPU
		{7ADA1C4E-28B9-479A-BF26-59A27E4F57A8}.Release|Any CPU.Build.0 = Release|Any CPU
		{EEB17F7F-9666-4EC2-B34E-BD5DB5008057}.Debug|Any CPU.ActiveCfg = Debug|Any CPU
		{EEB17F7F-9666-4EC2-B34E-BD5DB5008057}.Debug|Any CPU.Build.0 = Debug|Any CPU
		{EEB17F7F-9666-4EC2-B34E-BD5DB5008057}.Release|Any CPU.ActiveCfg = Release|Any CPU
		{EEB17F7F-9666-4EC2-B34E-BD5DB5008057}.Release|Any CPU.Build.0 = Release|Any CPU
	EndGlobalSection
	GlobalSection(SolutionProperties) = preSolution
		HideSolutionNode = FALSE
	EndGlobalSection
	GlobalSection(ExtensibilityGlobals) = postSolution
		SolutionGuid = {5B980267-1F0B-4DA6-B88C-E00A42771C20}
	EndGlobalSection
EndGlobal
