
Microsoft Visual Studio Solution File, Format Version 12.00
# Visual Studio Version 16
VisualStudioVersion = 16.0.30204.135
MinimumVisualStudioVersion = 10.0.40219.1
Project("{9A19103F-16F7-4668-BE54-9A1E7A4F7556}") = "lab_32_2_tables_hw2", "lab_32_2_tables_hw2\lab_32_2_tables_hw2.csproj", "{63B869B0-0127-488A-B698-0EA6AF76694E}"
EndProject
Project("{9A19103F-16F7-4668-BE54-9A1E7A4F7556}") = "lab_32_tasks", "lab_32_tasks\lab_32_tasks.csproj", "{C7965662-1F64-4B97-AA1F-E3A5EF3D5A0C}"
EndProject
Project("{9A19103F-16F7-4668-BE54-9A1E7A4F7556}") = "lab_33_task_array", "lab_33_task_array\lab_33_task_array.csproj", "{E1D08991-F927-4AC1-8AAF-F6AEC540089E}"
EndProject
Project("{9A19103F-16F7-4668-BE54-9A1E7A4F7556}") = "lab_34_parallel_processing", "lab_34_parallel_processing\lab_34_parallel_processing.csproj", "{41C9DF98-F693-4BDB-8133-A6317B82941E}"
EndProject
Project("{9A19103F-16F7-4668-BE54-9A1E7A4F7556}") = "lab_35_async_await", "lab_35_async_await\lab_35_async_await.csproj", "{44A9BB39-94FC-42F5-9205-00E2A56E44EB}"
EndProject
Project("{9A19103F-16F7-4668-BE54-9A1E7A4F7556}") = "lab_35_homework", "lab_35_homework\lab_35_homework.csproj", "{50393404-4B55-41AD-B2CC-7762425575E0}"
EndProject
Project("{9A19103F-16F7-4668-BE54-9A1E7A4F7556}") = "DeleteMe", "DeleteMe\DeleteMe.csproj", "{D482E833-BB84-4965-9BF8-1091A8025E52}"
EndProject
Project("{9A19103F-16F7-4668-BE54-9A1E7A4F7556}") = "lab_36_http", "lab_36_http\lab_36_http.csproj", "{D03CB6A3-1B31-4CA5-A551-5403C3F64588}"
EndProject
Project("{9A19103F-16F7-4668-BE54-9A1E7A4F7556}") = "lab_37_http_deserialize", "lab_37_http_deserialize\lab_37_http_deserialize.csproj", "{0FE756BC-3108-4874-BA33-F5674DCF123C}"
EndProject
Project("{FAE04EC0-301F-11D3-BF4B-00C04F79EFBC}") = "lab_37_homework", "lab_37_homework\lab_37_homework.csproj", "{E0B34B7B-2383-41A3-A444-DC0EE5DF023A}"
EndProject
Global
	GlobalSection(SolutionConfigurationPlatforms) = preSolution
		Debug|Any CPU = Debug|Any CPU
		Release|Any CPU = Release|Any CPU
	EndGlobalSection
	GlobalSection(ProjectConfigurationPlatforms) = postSolution
		{63B869B0-0127-488A-B698-0EA6AF76694E}.Debug|Any CPU.ActiveCfg = Debug|Any CPU
		{63B869B0-0127-488A-B698-0EA6AF76694E}.Debug|Any CPU.Build.0 = Debug|Any CPU
		{63B869B0-0127-488A-B698-0EA6AF76694E}.Release|Any CPU.ActiveCfg = Release|Any CPU
		{63B869B0-0127-488A-B698-0EA6AF76694E}.Release|Any CPU.Build.0 = Release|Any CPU
		{C7965662-1F64-4B97-AA1F-E3A5EF3D5A0C}.Debug|Any CPU.ActiveCfg = Debug|Any CPU
		{C7965662-1F64-4B97-AA1F-E3A5EF3D5A0C}.Debug|Any CPU.Build.0 = Debug|Any CPU
		{C7965662-1F64-4B97-AA1F-E3A5EF3D5A0C}.Release|Any CPU.ActiveCfg = Release|Any CPU
		{C7965662-1F64-4B97-AA1F-E3A5EF3D5A0C}.Release|Any CPU.Build.0 = Release|Any CPU
		{E1D08991-F927-4AC1-8AAF-F6AEC540089E}.Debug|Any CPU.ActiveCfg = Debug|Any CPU
		{E1D08991-F927-4AC1-8AAF-F6AEC540089E}.Debug|Any CPU.Build.0 = Debug|Any CPU
		{E1D08991-F927-4AC1-8AAF-F6AEC540089E}.Release|Any CPU.ActiveCfg = Release|Any CPU
		{E1D08991-F927-4AC1-8AAF-F6AEC540089E}.Release|Any CPU.Build.0 = Release|Any CPU
		{41C9DF98-F693-4BDB-8133-A6317B82941E}.Debug|Any CPU.ActiveCfg = Debug|Any CPU
		{41C9DF98-F693-4BDB-8133-A6317B82941E}.Debug|Any CPU.Build.0 = Debug|Any CPU
		{41C9DF98-F693-4BDB-8133-A6317B82941E}.Release|Any CPU.ActiveCfg = Release|Any CPU
		{41C9DF98-F693-4BDB-8133-A6317B82941E}.Release|Any CPU.Build.0 = Release|Any CPU
		{44A9BB39-94FC-42F5-9205-00E2A56E44EB}.Debug|Any CPU.ActiveCfg = Debug|Any CPU
		{44A9BB39-94FC-42F5-9205-00E2A56E44EB}.Debug|Any CPU.Build.0 = Debug|Any CPU
		{44A9BB39-94FC-42F5-9205-00E2A56E44EB}.Release|Any CPU.ActiveCfg = Release|Any CPU
		{44A9BB39-94FC-42F5-9205-00E2A56E44EB}.Release|Any CPU.Build.0 = Release|Any CPU
		{50393404-4B55-41AD-B2CC-7762425575E0}.Debug|Any CPU.ActiveCfg = Debug|Any CPU
		{50393404-4B55-41AD-B2CC-7762425575E0}.Debug|Any CPU.Build.0 = Debug|Any CPU
		{50393404-4B55-41AD-B2CC-7762425575E0}.Release|Any CPU.ActiveCfg = Release|Any CPU
		{50393404-4B55-41AD-B2CC-7762425575E0}.Release|Any CPU.Build.0 = Release|Any CPU
		{D482E833-BB84-4965-9BF8-1091A8025E52}.Debug|Any CPU.ActiveCfg = Debug|Any CPU
		{D482E833-BB84-4965-9BF8-1091A8025E52}.Debug|Any CPU.Build.0 = Debug|Any CPU
		{D482E833-BB84-4965-9BF8-1091A8025E52}.Release|Any CPU.ActiveCfg = Release|Any CPU
		{D482E833-BB84-4965-9BF8-1091A8025E52}.Release|Any CPU.Build.0 = Release|Any CPU
		{D03CB6A3-1B31-4CA5-A551-5403C3F64588}.Debug|Any CPU.ActiveCfg = Debug|Any CPU
		{D03CB6A3-1B31-4CA5-A551-5403C3F64588}.Debug|Any CPU.Build.0 = Debug|Any CPU
		{D03CB6A3-1B31-4CA5-A551-5403C3F64588}.Release|Any CPU.ActiveCfg = Release|Any CPU
		{D03CB6A3-1B31-4CA5-A551-5403C3F64588}.Release|Any CPU.Build.0 = Release|Any CPU
		{0FE756BC-3108-4874-BA33-F5674DCF123C}.Debug|Any CPU.ActiveCfg = Debug|Any CPU
		{0FE756BC-3108-4874-BA33-F5674DCF123C}.Debug|Any CPU.Build.0 = Debug|Any CPU
		{0FE756BC-3108-4874-BA33-F5674DCF123C}.Release|Any CPU.ActiveCfg = Release|Any CPU
		{0FE756BC-3108-4874-BA33-F5674DCF123C}.Release|Any CPU.Build.0 = Release|Any CPU
		{E0B34B7B-2383-41A3-A444-DC0EE5DF023A}.Debug|Any CPU.ActiveCfg = Debug|Any CPU
		{E0B34B7B-2383-41A3-A444-DC0EE5DF023A}.Debug|Any CPU.Build.0 = Debug|Any CPU
		{E0B34B7B-2383-41A3-A444-DC0EE5DF023A}.Release|Any CPU.ActiveCfg = Release|Any CPU
		{E0B34B7B-2383-41A3-A444-DC0EE5DF023A}.Release|Any CPU.Build.0 = Release|Any CPU
	EndGlobalSection
	GlobalSection(SolutionProperties) = preSolution
		HideSolutionNode = FALSE
	EndGlobalSection
	GlobalSection(ExtensibilityGlobals) = postSolution
		SolutionGuid = {5B980267-1F0B-4DA6-B88C-E00A42771C20}
	EndGlobalSection
EndGlobal
