
Microsoft Visual Studio Solution File, Format Version 12.00
# Visual Studio Version 16
VisualStudioVersion = 16.0.30204.135
MinimumVisualStudioVersion = 10.0.40219.1
Project("{9A19103F-16F7-4668-BE54-9A1E7A4F7556}") = "PhilLoops", "PhilLoops\PhilLoops.csproj", "{1A812550-90C7-4BEF-865D-2B5E1DB3B515}"
EndProject
Project("{FAE04EC0-301F-11D3-BF4B-00C04F79EFBC}") = "PhilPowers", "PhilPowerTests\PhilPowers.csproj", "{67A96C61-FB19-4CF2-869B-722EC88C3F46}"
EndProject
Project("{FAE04EC0-301F-11D3-BF4B-00C04F79EFBC}") = "PhilPowerTest", "PhilPowerTest\PhilPowerTest.csproj", "{611B6337-36E9-44D3-B01D-D4C571EA5431}"
EndProject
Global
	GlobalSection(SolutionConfigurationPlatforms) = preSolution
		Debug|Any CPU = Debug|Any CPU
		Release|Any CPU = Release|Any CPU
	EndGlobalSection
	GlobalSection(ProjectConfigurationPlatforms) = postSolution
		{1A812550-90C7-4BEF-865D-2B5E1DB3B515}.Debug|Any CPU.ActiveCfg = Debug|Any CPU
		{1A812550-90C7-4BEF-865D-2B5E1DB3B515}.Debug|Any CPU.Build.0 = Debug|Any CPU
		{1A812550-90C7-4BEF-865D-2B5E1DB3B515}.Release|Any CPU.ActiveCfg = Release|Any CPU
		{1A812550-90C7-4BEF-865D-2B5E1DB3B515}.Release|Any CPU.Build.0 = Release|Any CPU
		{67A96C61-FB19-4CF2-869B-722EC88C3F46}.Debug|Any CPU.ActiveCfg = Debug|Any CPU
		{67A96C61-FB19-4CF2-869B-722EC88C3F46}.Debug|Any CPU.Build.0 = Debug|Any CPU
		{67A96C61-FB19-4CF2-869B-722EC88C3F46}.Release|Any CPU.ActiveCfg = Release|Any CPU
		{67A96C61-FB19-4CF2-869B-722EC88C3F46}.Release|Any CPU.Build.0 = Release|Any CPU
		{611B6337-36E9-44D3-B01D-D4C571EA5431}.Debug|Any CPU.ActiveCfg = Debug|Any CPU
		{611B6337-36E9-44D3-B01D-D4C571EA5431}.Debug|Any CPU.Build.0 = Debug|Any CPU
		{611B6337-36E9-44D3-B01D-D4C571EA5431}.Release|Any CPU.ActiveCfg = Release|Any CPU
		{611B6337-36E9-44D3-B01D-D4C571EA5431}.Release|Any CPU.Build.0 = Release|Any CPU
	EndGlobalSection
	GlobalSection(SolutionProperties) = preSolution
		HideSolutionNode = FALSE
	EndGlobalSection
	GlobalSection(ExtensibilityGlobals) = postSolution
		SolutionGuid = {8AED79BB-5515-44BE-81F2-9137564DF981}
	EndGlobalSection
EndGlobal
